
Microsoft Visual Studio Solution File, Format Version 12.00
# Visual Studio 15
VisualStudioVersion = 15.0.27428.2037
MinimumVisualStudioVersion = 10.0.40219.1
Project("{FAE04EC0-301F-11D3-BF4B-00C04F79EFBC}") = "Codevist.Garanti.DeveloperPortal.Core", "Codevist.Garanti.DeveloperPortal.Core\Codevist.Garanti.DeveloperPortal.Core.csproj", "{CEADD517-443A-4F6F-AB1A-43D964598875}"
EndProject
Project("{FAE04EC0-301F-11D3-BF4B-00C04F79EFBC}") = "Codevist.Garanti.DeveloperPortal.WebSamples", "Codevist.Garanti.DeveloperPortal.WebSamples\Codevist.Garanti.DeveloperPortal.WebSamples.csproj", "{BAAAAE90-928B-4A5D-9CAC-DF39DFEE693E}"
EndProject
Global
	GlobalSection(SolutionConfigurationPlatforms) = preSolution
		Debug|Any CPU = Debug|Any CPU
		Release|Any CPU = Release|Any CPU
	EndGlobalSection
	GlobalSection(ProjectConfigurationPlatforms) = postSolution
		{CEADD517-443A-4F6F-AB1A-43D964598875}.Debug|Any CPU.ActiveCfg = Debug|Any CPU
		{CEADD517-443A-4F6F-AB1A-43D964598875}.Debug|Any CPU.Build.0 = Debug|Any CPU
		{CEADD517-443A-4F6F-AB1A-43D964598875}.Release|Any CPU.ActiveCfg = Release|Any CPU
		{CEADD517-443A-4F6F-AB1A-43D964598875}.Release|Any CPU.Build.0 = Release|Any CPU
		{BAAAAE90-928B-4A5D-9CAC-DF39DFEE693E}.Debug|Any CPU.ActiveCfg = Debug|Any CPU
		{BAAAAE90-928B-4A5D-9CAC-DF39DFEE693E}.Debug|Any CPU.Build.0 = Debug|Any CPU
		{BAAAAE90-928B-4A5D-9CAC-DF39DFEE693E}.Release|Any CPU.ActiveCfg = Release|Any CPU
		{BAAAAE90-928B-4A5D-9CAC-DF39DFEE693E}.Release|Any CPU.Build.0 = Release|Any CPU
	EndGlobalSection
	GlobalSection(SolutionProperties) = preSolution
		HideSolutionNode = FALSE
	EndGlobalSection
	GlobalSection(ExtensibilityGlobals) = postSolution
		SolutionGuid = {3773EF4C-DE25-4237-97D9-DF997BA4386C}
	EndGlobalSection
EndGlobal
